// !$*UTF8*$!
{
	archiveVersion = 1;
	classes = {
	};
	objectVersion = 46;
	objects = {

/* Begin PBXBuildFile section */
		31DE6D4976228AEA1F78BFD9 /* Pods_AFNetwork__.framework in Frameworks */ = {isa = PBXBuildFile; fileRef = B69CCCE1E004F33AC83D6DD0 /* Pods_AFNetwork__.framework */; };
		91CF7CDA1F57F0670017B208 /* AppDelegate.swift in Sources */ = {isa = PBXBuildFile; fileRef = 91CF7CD91F57F0670017B208 /* AppDelegate.swift */; };
		91CF7CDC1F57F0670017B208 /* ViewController.swift in Sources */ = {isa = PBXBuildFile; fileRef = 91CF7CDB1F57F0670017B208 /* ViewController.swift */; };
		91CF7CDF1F57F0670017B208 /* Main.storyboard in Resources */ = {isa = PBXBuildFile; fileRef = 91CF7CDD1F57F0670017B208 /* Main.storyboard */; };
		91CF7CE11F57F0670017B208 /* Assets.xcassets in Resources */ = {isa = PBXBuildFile; fileRef = 91CF7CE01F57F0670017B208 /* Assets.xcassets */; };
		91CF7CE41F57F0670017B208 /* LaunchScreen.storyboard in Resources */ = {isa = PBXBuildFile; fileRef = 91CF7CE21F57F0670017B208 /* LaunchScreen.storyboard */; };
		91CF7CEC1F57F12B0017B208 /* NetworkTools.swift in Sources */ = {isa = PBXBuildFile; fileRef = 91CF7CEB1F57F12B0017B208 /* NetworkTools.swift */; };
/* End PBXBuildFile section */

/* Begin PBXFileReference section */
		4C60DC54E7517C2931212B9D /* Pods-AFNetwork封装.release.xcconfig */ = {isa = PBXFileReference; includeInIndex = 1; lastKnownFileType = text.xcconfig; name = "Pods-AFNetwork封装.release.xcconfig"; path = "Pods/Target Support Files/Pods-AFNetwork封装/Pods-AFNetwork封装.release.xcconfig"; sourceTree = "<group>"; };
		91CF7CD61F57F0670017B208 /* AFNetwork封装.app */ = {isa = PBXFileReference; explicitFileType = wrapper.application; includeInIndex = 0; path = "AFNetwork封装.app"; sourceTree = BUILT_PRODUCTS_DIR; };
		91CF7CD91F57F0670017B208 /* AppDelegate.swift */ = {isa = PBXFileReference; lastKnownFileType = sourcecode.swift; path = AppDelegate.swift; sourceTree = "<group>"; };
		91CF7CDB1F57F0670017B208 /* ViewController.swift */ = {isa = PBXFileReference; lastKnownFileType = sourcecode.swift; path = ViewController.swift; sourceTree = "<group>"; };
		91CF7CDE1F57F0670017B208 /* Base */ = {isa = PBXFileReference; lastKnownFileType = file.storyboard; name = Base; path = Base.lproj/Main.storyboard; sourceTree = "<group>"; };
		91CF7CE01F57F0670017B208 /* Assets.xcassets */ = {isa = PBXFileReference; lastKnownFileType = folder.assetcatalog; path = Assets.xcassets; sourceTree = "<group>"; };
		91CF7CE31F57F0670017B208 /* Base */ = {isa = PBXFileReference; lastKnownFileType = file.storyboard; name = Base; path = Base.lproj/LaunchScreen.storyboard; sourceTree = "<group>"; };
		91CF7CE51F57F0670017B208 /* Info.plist */ = {isa = PBXFileReference; lastKnownFileType = text.plist.xml; path = Info.plist; sourceTree = "<group>"; };
		91CF7CEB1F57F12B0017B208 /* NetworkTools.swift */ = {isa = PBXFileReference; fileEncoding = 4; lastKnownFileType = sourcecode.swift; path = NetworkTools.swift; sourceTree = "<group>"; };
		B69CCCE1E004F33AC83D6DD0 /* Pods_AFNetwork__.framework */ = {isa = PBXFileReference; explicitFileType = wrapper.framework; includeInIndex = 0; path = Pods_AFNetwork__.framework; sourceTree = BUILT_PRODUCTS_DIR; };
		D0F089CE5BC3D75A03C2A187 /* Pods-AFNetwork封装.debug.xcconfig */ = {isa = PBXFileReference; includeInIndex = 1; lastKnownFileType = text.xcconfig; name = "Pods-AFNetwork封装.debug.xcconfig"; path = "Pods/Target Support Files/Pods-AFNetwork封装/Pods-AFNetwork封装.debug.xcconfig"; sourceTree = "<group>"; };
/* End PBXFileReference section */

/* Begin PBXFrameworksBuildPhase section */
		91CF7CD31F57F0670017B208 /* Frameworks */ = {
			isa = PBXFrameworksBuildPhase;
			buildActionMask = 2147483647;
			files = (
				31DE6D4976228AEA1F78BFD9 /* Pods_AFNetwork__.framework in Frameworks */,
			);
			runOnlyForDeploymentPostprocessing = 0;
		};
/* End PBXFrameworksBuildPhase section */

/* Begin PBXGroup section */
		6858F7A7C1559151B7DA4E76 /* Pods */ = {
			isa = PBXGroup;
			children = (
				D0F089CE5BC3D75A03C2A187 /* Pods-AFNetwork封装.debug.xcconfig */,
				4C60DC54E7517C2931212B9D /* Pods-AFNetwork封装.release.xcconfig */,
			);
			name = Pods;
			sourceTree = "<group>";
		};
		91CF7CCD1F57F0670017B208 = {
			isa = PBXGroup;
			children = (
				91CF7CD81F57F0670017B208 /* AFNetwork封装 */,
				91CF7CD71F57F0670017B208 /* Products */,
				6858F7A7C1559151B7DA4E76 /* Pods */,
				EBF05F00ADE2800B69463A20 /* Frameworks */,
			);
			sourceTree = "<group>";
		};
		91CF7CD71F57F0670017B208 /* Products */ = {
			isa = PBXGroup;
			children = (
				91CF7CD61F57F0670017B208 /* AFNetwork封装.app */,
			);
			name = Products;
			sourceTree = "<group>";
		};
		91CF7CD81F57F0670017B208 /* AFNetwork封装 */ = {
			isa = PBXGroup;
			children = (
				91CF7CD91F57F0670017B208 /* AppDelegate.swift */,
				91CF7CDB1F57F0670017B208 /* ViewController.swift */,
				91CF7CEB1F57F12B0017B208 /* NetworkTools.swift */,
				91CF7CDD1F57F0670017B208 /* Main.storyboard */,
				91CF7CE01F57F0670017B208 /* Assets.xcassets */,
				91CF7CE21F57F0670017B208 /* LaunchScreen.storyboard */,
				91CF7CE51F57F0670017B208 /* Info.plist */,
			);
			path = "AFNetwork封装";
			sourceTree = "<group>";
		};
		EBF05F00ADE2800B69463A20 /* Frameworks */ = {
			isa = PBXGroup;
			children = (
				B69CCCE1E004F33AC83D6DD0 /* Pods_AFNetwork__.framework */,
			);
			name = Frameworks;
			sourceTree = "<group>";
		};
/* End PBXGroup section */

/* Begin PBXNativeTarget section */
		91CF7CD51F57F0670017B208 /* AFNetwork封装 */ = {
			isa = PBXNativeTarget;
			buildConfigurationList = 91CF7CE81F57F0670017B208 /* Build configuration list for PBXNativeTarget "AFNetwork封装" */;
			buildPhases = (
				60E6B9233C1578CA6A109B1C /* [CP] Check Pods Manifest.lock */,
				91CF7CD21F57F0670017B208 /* Sources */,
				91CF7CD31F57F0670017B208 /* Frameworks */,
				91CF7CD41F57F0670017B208 /* Resources */,
				E4CD79A8E6C7675657E77C99 /* [CP] Embed Pods Frameworks */,
				83ADD0DEDF628F2246A67B43 /* [CP] Copy Pods Resources */,
			);
			buildRules = (
			);
			dependencies = (
			);
			name = "AFNetwork封装";
			productName = "AFNetwork封装";
			productReference = 91CF7CD61F57F0670017B208 /* AFNetwork封装.app */;
			productType = "com.apple.product-type.application";
		};
/* End PBXNativeTarget section */

/* Begin PBXProject section */
		91CF7CCE1F57F0670017B208 /* Project object */ = {
			isa = PBXProject;
			attributes = {
				LastSwiftUpdateCheck = 0830;
				LastUpgradeCheck = 0830;
				ORGANIZATIONNAME = ZPengs;
				TargetAttributes = {
					91CF7CD51F57F0670017B208 = {
						CreatedOnToolsVersion = 8.3.3;
						DevelopmentTeam = ENAXP29G8C;
						ProvisioningStyle = Automatic;
					};
				};
			};
			buildConfigurationList = 91CF7CD11F57F0670017B208 /* Build configuration list for PBXProject "AFNetwork封装" */;
			compatibilityVersion = "Xcode 3.2";
			developmentRegion = English;
			hasScannedForEncodings = 0;
			knownRegions = (
				en,
				Base,
			);
			mainGroup = 91CF7CCD1F57F0670017B208;
			productRefGroup = 91CF7CD71F57F0670017B208 /* Products */;
			projectDirPath = "";
			projectRoot = "";
			targets = (
				91CF7CD51F57F0670017B208 /* AFNetwork封装 */,
			);
		};
/* End PBXProject section */

/* Begin PBXResourcesBuildPhase section */
		91CF7CD41F57F0670017B208 /* Resources */ = {
			isa = PBXResourcesBuildPhase;
			buildActionMask = 2147483647;
			files = (
				91CF7CE41F57F0670017B208 /* LaunchScreen.storyboard in Resources */,
				91CF7CE11F57F0670017B208 /* Assets.xcassets in Resources */,
				91CF7CDF1F57F0670017B208 /* Main.storyboard in Resources */,
			);
			runOnlyForDeploymentPostprocessing = 0;
		};
/* End PBXResourcesBuildPhase section */

/* Begin PBXShellScriptBuildPhase section */
		60E6B9233C1578CA6A109B1C /* [CP] Check Pods Manifest.lock */ = {
			isa = PBXShellScriptBuildPhase;
			buildActionMask = 2147483647;
			files = (
			);
			inputPaths = (
			);
			name = "[CP] Check Pods Manifest.lock";
			outputPaths = (
			);
			runOnlyForDeploymentPostprocessing = 0;
			shellPath = /bin/sh;
			shellScript = "diff \"${PODS_PODFILE_DIR_PATH}/Podfile.lock\" \"${PODS_ROOT}/Manifest.lock\" > /dev/null\nif [ $? != 0 ] ; then\n    # print error to STDERR\n    echo \"error: The sandbox is not in sync with the Podfile.lock. Run 'pod install' or update your CocoaPods installation.\" >&2\n    exit 1\nfi\n";
			showEnvVarsInLog = 0;
		};
		83ADD0DEDF628F2246A67B43 /* [CP] Copy Pods Resources */ = {
			isa = PBXShellScriptBuildPhase;
			buildActionMask = 2147483647;
			files = (
			);
			inputPaths = (
			);
			name = "[CP] Copy Pods Resources";
			outputPaths = (
			);
			runOnlyForDeploymentPostprocessing = 0;
			shellPath = /bin/sh;
			shellScript = "\"${SRCROOT}/Pods/Target Support Files/Pods-AFNetwork封装/Pods-AFNetwork封装-resources.sh\"\n";
			showEnvVarsInLog = 0;
		};
		E4CD79A8E6C7675657E77C99 /* [CP] Embed Pods Frameworks */ = {
			isa = PBXShellScriptBuildPhase;
			buildActionMask = 2147483647;
			files = (
			);
			inputPaths = (
			);
			name = "[CP] Embed Pods Frameworks";
			outputPaths = (
			);
			runOnlyForDeploymentPostprocessing = 0;
			shellPath = /bin/sh;
			shellScript = "\"${SRCROOT}/Pods/Target Support Files/Pods-AFNetwork封装/Pods-AFNetwork封装-frameworks.sh\"\n";
			showEnvVarsInLog = 0;
		};
/* End PBXShellScriptBuildPhase section */

/* Begin PBXSourcesBuildPhase section */
		91CF7CD21F57F0670017B208 /* Sources */ = {
			isa = PBXSourcesBuildPhase;
			buildActionMask = 2147483647;
			files = (
				91CF7CDC1F57F0670017B208 /* ViewController.swift in Sources */,
				91CF7CDA1F57F0670017B208 /* AppDelegate.swift in Sources */,
				91CF7CEC1F57F12B0017B208 /* NetworkTools.swift in Sources */,
			);
			runOnlyForDeploymentPostprocessing = 0;
		};
/* End PBXSourcesBuildPhase section */

/* Begin PBXVariantGroup section */
		91CF7CDD1F57F0670017B208 /* Main.storyboard */ = {
			isa = PBXVariantGroup;
			children = (
				91CF7CDE1F57F0670017B208 /* Base */,
			);
			name = Main.storyboard;
			sourceTree = "<group>";
		};
		91CF7CE21F57F0670017B208 /* LaunchScreen.storyboard */ = {
			isa = PBXVariantGroup;
			children = (
				91CF7CE31F57F0670017B208 /* Base */,
			);
			name = LaunchScreen.storyboard;
			sourceTree = "<group>";
		};
/* End PBXVariantGroup section */

/* Begin XCBuildConfiguration section */
		91CF7CE61F57F0670017B208 /* Debug */ = {
			isa = XCBuildConfiguration;
			buildSettings = {
				ALWAYS_SEARCH_USER_PATHS = NO;
				CLANG_ANALYZER_NONNULL = YES;
				CLANG_ANALYZER_NUMBER_OBJECT_CONVERSION = YES_AGGRESSIVE;
				CLANG_CXX_LANGUAGE_STANDARD = "gnu++0x";
				CLANG_CXX_LIBRARY = "libc++";
				CLANG_ENABLE_MODULES = YES;
				CLANG_ENABLE_OBJC_ARC = YES;
				CLANG_WARN_BOOL_CONVERSION = YES;
				CLANG_WARN_CONSTANT_CONVERSION = YES;
				CLANG_WARN_DIRECT_OBJC_ISA_USAGE = YES_ERROR;
				CLANG_WARN_DOCUMENTATION_COMMENTS = YES;
				CLANG_WARN_EMPTY_BODY = YES;
				CLANG_WARN_ENUM_CONVERSION = YES;
				CLANG_WARN_INFINITE_RECURSION = YES;
				CLANG_WARN_INT_CONVERSION = YES;
				CLANG_WARN_OBJC_ROOT_CLASS = YES_ERROR;
				CLANG_WARN_SUSPICIOUS_MOVE = YES;
				CLANG_WARN_UNREACHABLE_CODE = YES;
				CLANG_WARN__DUPLICATE_METHOD_MATCH = YES;
				"CODE_SIGN_IDENTITY[sdk=iphoneos*]" = "iPhone Developer";
				COPY_PHASE_STRIP = NO;
				DEBUG_INFORMATION_FORMAT = dwarf;
				ENABLE_STRICT_OBJC_MSGSEND = YES;
				ENABLE_TESTABILITY = YES;
				GCC_C_LANGUAGE_STANDARD = gnu99;
				GCC_DYNAMIC_NO_PIC = NO;
				GCC_NO_COMMON_BLOCKS = YES;
				GCC_OPTIMIZATION_LEVEL = 0;
				GCC_PREPROCESSOR_DEFINITIONS = (
					"DEBUG=1",
					"$(inherited)",
				);
				GCC_WARN_64_TO_32_BIT_CONVERSION = YES;
				GCC_WARN_ABOUT_RETURN_TYPE = YES_ERROR;
				GCC_WARN_UNDECLARED_SELECTOR = YES;
				GCC_WARN_UNINITIALIZED_AUTOS = YES_AGGRESSIVE;
				GCC_WARN_UNUSED_FUNCTION = YES;
				GCC_WARN_UNUSED_VARIABLE = YES;
				IPHONEOS_DEPLOYMENT_TARGET = 10.3;
				MTL_ENABLE_DEBUG_INFO = YES;
				ONLY_ACTIVE_ARCH = YES;
				SDKROOT = iphoneos;
				SWIFT_ACTIVE_COMPILATION_CONDITIONS = DEBUG;
				SWIFT_OPTIMIZATION_LEVEL = "-Onone";
			};
			name = Debug;
		};
		91CF7CE71F57F0670017B208 /* Release */ = {
			isa = XCBuildConfiguration;
			buildSettings = {
				ALWAYS_SEARCH_USER_PATHS = NO;
				CLANG_ANALYZER_NONNULL = YES;
				CLANG_ANALYZER_NUMBER_OBJECT_CONVERSION = YES_AGGRESSIVE;
				CLANG_CXX_LANGUAGE_STANDARD = "gnu++0x";
				CLANG_CXX_LIBRARY = "libc++";
				CLANG_ENABLE_MODULES = YES;
				CLANG_ENABLE_OBJC_ARC = YES;
				CLANG_WARN_BOOL_CONVERSION = YES;
				CLANG_WARN_CONSTANT_CONVERSION = YES;
				CLANG_WARN_DIRECT_OBJC_ISA_USAGE = YES_ERROR;
				CLANG_WARN_DOCUMENTATION_COMMENTS = YES;
				CLANG_WARN_EMPTY_BODY = YES;
				CLANG_WARN_ENUM_CONVERSION = YES;
				CLANG_WARN_INFINITE_RECURSION = YES;
				CLANG_WARN_INT_CONVERSION = YES;
				CLANG_WARN_OBJC_ROOT_CLASS = YES_ERROR;
				CLANG_WARN_SUSPICIOUS_MOVE = YES;
				CLANG_WARN_UNREACHABLE_CODE = YES;
				CLANG_WARN__DUPLICATE_METHOD_MATCH = YES;
				"CODE_SIGN_IDENTITY[sdk=iphoneos*]" = "iPhone Developer";
				COPY_PHASE_STRIP = NO;
				DEBUG_INFORMATION_FORMAT = "dwarf-with-dsym";
				ENABLE_NS_ASSERTIONS = NO;
				ENABLE_STRICT_OBJC_MSGSEND = YES;
				GCC_C_LANGUAGE_STANDARD = gnu99;
				GCC_NO_COMMON_BLOCKS = YES;
				GCC_WARN_64_TO_32_BIT_CONVERSION = YES;
				GCC_WARN_ABOUT_RETURN_TYPE = YES_ERROR;
				GCC_WARN_UNDECLARED_SELECTOR = YES;
				GCC_WARN_UNINITIALIZED_AUTOS = YES_AGGRESSIVE;
				GCC_WARN_UNUSED_FUNCTION = YES;
				GCC_WARN_UNUSED_VARIABLE = YES;
				IPHONEOS_DEPLOYMENT_TARGET = 10.3;
				MTL_ENABLE_DEBUG_INFO = NO;
				SDKROOT = iphoneos;
				SWIFT_OPTIMIZATION_LEVEL = "-Owholemodule";
				VALIDATE_PRODUCT = YES;
			};
			name = Release;
		};
		91CF7CE91F57F0670017B208 /* Debug */ = {
			isa = XCBuildConfiguration;
			baseConfigurationReference = D0F089CE5BC3D75A03C2A187 /* Pods-AFNetwork封装.debug.xcconfig */;
			buildSettings = {
				ASSETCATALOG_COMPILER_APPICON_NAME = AppIcon;
				DEVELOPMENT_TEAM = ENAXP29G8C;
				INFOPLIST_FILE = "AFNetwork封装/Info.plist";
				LD_RUNPATH_SEARCH_PATHS = "$(inherited) @executable_path/Frameworks";
				PRODUCT_BUNDLE_IDENTIFIER = "ZPengs.AFNetwork--";
				PRODUCT_NAME = "$(TARGET_NAME)";
				SWIFT_VERSION = 3.0;
			};
			name = Debug;
		};
		91CF7CEA1F57F0670017B208 /* Release */ = {
			isa = XCBuildConfiguration;
			baseConfigurationReference = 4C60DC54E7517C2931212B9D /* Pods-AFNetwork封装.release.xcconfig */;
			buildSettings = {
				ASSETCATALOG_COMPILER_APPICON_NAME = AppIcon;
				DEVELOPMENT_TEAM = ENAXP29G8C;
				INFOPLIST_FILE = "AFNetwork封装/Info.plist";
				LD_RUNPATH_SEARCH_PATHS = "$(inherited) @executable_path/Frameworks";
				PRODUCT_BUNDLE_IDENTIFIER = "ZPengs.AFNetwork--";
				PRODUCT_NAME = "$(TARGET_NAME)";
				SWIFT_VERSION = 3.0;
			};
			name = Release;
		};
/* End XCBuildConfiguration section */

/* Begin XCConfigurationList section */
		91CF7CD11F57F0670017B208 /* Build configuration list for PBXProject "AFNetwork封装" */ = {
			isa = XCConfigurationList;
			buildConfigurations = (
				91CF7CE61F57F0670017B208 /* Debug */,
				91CF7CE71F57F0670017B208 /* Release */,
			);
			defaultConfigurationIsVisible = 0;
			defaultConfigurationName = Release;
		};
		91CF7CE81F57F0670017B208 /* Build configuration list for PBXNativeTarget "AFNetwork封装" */ = {
			isa = XCConfigurationList;
			buildConfigurations = (
				91CF7CE91F57F0670017B208 /* Debug */,
				91CF7CEA1F57F0670017B208 /* Release */,
			);
			defaultConfigurationIsVisible = 0;
			defaultConfigurationName = Release;
		};
/* End XCConfigurationList section */
	};
	rootObject = 91CF7CCE1F57F0670017B208 /* Project object */;
}
